
Microsoft Visual Studio Solution File, Format Version 12.00
# Visual Studio Version 17
VisualStudioVersion = 17.14.36301.6 d17.14
MinimumVisualStudioVersion = 10.0.40219.1
Project("{FAE04EC0-301F-11D3-BF4B-00C04F79EFBC}") = "MAUIAndroidTabBarIssue", "MAUIAndroidTabBarIssue.csproj", "{C44A6837-C5FF-4513-A6CB-26DE4F68F979}"
EndProject
Global
	GlobalSection(SolutionConfigurationPlatforms) = preSolution
		Debug|Any CPU = Debug|Any CPU
		Release|Any CPU = Release|Any CPU
	EndGlobalSection
	GlobalSection(ProjectConfigurationPlatforms) = postSolution
		{C44A6837-C5FF-4513-A6CB-26DE4F68F979}.Debug|Any CPU.ActiveCfg = Debug|Any CPU
		{C44A6837-C5FF-4513-A6CB-26DE4F68F979}.Debug|Any CPU.Build.0 = Debug|Any CPU
		{C44A6837-C5FF-4513-A6CB-26DE4F68F979}.Release|Any CPU.ActiveCfg = Release|Any CPU
		{C44A6837-C5FF-4513-A6CB-26DE4F68F979}.Release|Any CPU.Build.0 = Release|Any CPU
	EndGlobalSection
	GlobalSection(SolutionProperties) = preSolution
		HideSolutionNode = FALSE
	EndGlobalSection
	GlobalSection(ExtensibilityGlobals) = postSolution
		SolutionGuid = {10E0ECED-EC8A-40D7-B329-CE28261A0E17}
	EndGlobalSection
EndGlobal
